// !$*UTF8*$!
{
	archiveVersion = 1;
	classes = {
	};
	objectVersion = 55;
	objects = {

/* Begin PBXBuildFile section */
		546D88552757A7D200ED00BC /* AppDelegate.swift in Sources */ = {isa = PBXBuildFile; fileRef = 546D88542757A7D200ED00BC /* AppDelegate.swift */; };
		546D88572757A7D200ED00BC /* SceneDelegate.swift in Sources */ = {isa = PBXBuildFile; fileRef = 546D88562757A7D200ED00BC /* SceneDelegate.swift */; };
		546D88592757A7D200ED00BC /* ViewController.swift in Sources */ = {isa = PBXBuildFile; fileRef = 546D88582757A7D200ED00BC /* ViewController.swift */; };
		546D885C2757A7D200ED00BC /* Main.storyboard in Resources */ = {isa = PBXBuildFile; fileRef = 546D885A2757A7D200ED00BC /* Main.storyboard */; };
		546D885E2757A7D400ED00BC /* Assets.xcassets in Resources */ = {isa = PBXBuildFile; fileRef = 546D885D2757A7D400ED00BC /* Assets.xcassets */; };
		546D88612757A7D400ED00BC /* LaunchScreen.storyboard in Resources */ = {isa = PBXBuildFile; fileRef = 546D885F2757A7D400ED00BC /* LaunchScreen.storyboard */; };
		546D886B2757AAB200ED00BC /* ItemDetailCell.swift in Sources */ = {isa = PBXBuildFile; fileRef = 546D88692757AAB200ED00BC /* ItemDetailCell.swift */; };
		546D886C2757AAB200ED00BC /* ItemDetailCell.xib in Resources */ = {isa = PBXBuildFile; fileRef = 546D886A2757AAB200ED00BC /* ItemDetailCell.xib */; };
		546D88712757AC4400ED00BC /* ItemDetailDatas.swift in Sources */ = {isa = PBXBuildFile; fileRef = 546D88702757AC4400ED00BC /* ItemDetailDatas.swift */; };
		546D88732757ACB900ED00BC /* AlamofireProcess.swift in Sources */ = {isa = PBXBuildFile; fileRef = 546D88722757ACB900ED00BC /* AlamofireProcess.swift */; };
		CC7048F78DD17D8244C76EE0 /* Pods_APILessonNormalApp.framework in Frameworks */ = {isa = PBXBuildFile; fileRef = 3BB7134830DCA8ECE18042E6 /* Pods_APILessonNormalApp.framework */; };
/* End PBXBuildFile section */

/* Begin PBXFileReference section */
		1789E4F340B6869FD5C92C10 /* Pods-APILessonNormalApp.debug.xcconfig */ = {isa = PBXFileReference; includeInIndex = 1; lastKnownFileType = text.xcconfig; name = "Pods-APILessonNormalApp.debug.xcconfig"; path = "Target Support Files/Pods-APILessonNormalApp/Pods-APILessonNormalApp.debug.xcconfig"; sourceTree = "<group>"; };
		3BB7134830DCA8ECE18042E6 /* Pods_APILessonNormalApp.framework */ = {isa = PBXFileReference; explicitFileType = wrapper.framework; includeInIndex = 0; path = Pods_APILessonNormalApp.framework; sourceTree = BUILT_PRODUCTS_DIR; };
		546D88512757A7D200ED00BC /* APILessonNormalApp.app */ = {isa = PBXFileReference; explicitFileType = wrapper.application; includeInIndex = 0; path = APILessonNormalApp.app; sourceTree = BUILT_PRODUCTS_DIR; };
		546D88542757A7D200ED00BC /* AppDelegate.swift */ = {isa = PBXFileReference; lastKnownFileType = sourcecode.swift; path = AppDelegate.swift; sourceTree = "<group>"; };
		546D88562757A7D200ED00BC /* SceneDelegate.swift */ = {isa = PBXFileReference; lastKnownFileType = sourcecode.swift; path = SceneDelegate.swift; sourceTree = "<group>"; };
		546D88582757A7D200ED00BC /* ViewController.swift */ = {isa = PBXFileReference; lastKnownFileType = sourcecode.swift; path = ViewController.swift; sourceTree = "<group>"; };
		546D885B2757A7D200ED00BC /* Base */ = {isa = PBXFileReference; lastKnownFileType = file.storyboard; name = Base; path = Base.lproj/Main.storyboard; sourceTree = "<group>"; };
		546D885D2757A7D400ED00BC /* Assets.xcassets */ = {isa = PBXFileReference; lastKnownFileType = folder.assetcatalog; path = Assets.xcassets; sourceTree = "<group>"; };
		546D88602757A7D400ED00BC /* Base */ = {isa = PBXFileReference; lastKnownFileType = file.storyboard; name = Base; path = Base.lproj/LaunchScreen.storyboard; sourceTree = "<group>"; };
		546D88622757A7D400ED00BC /* Info.plist */ = {isa = PBXFileReference; lastKnownFileType = text.plist.xml; path = Info.plist; sourceTree = "<group>"; };
		546D88692757AAB200ED00BC /* ItemDetailCell.swift */ = {isa = PBXFileReference; lastKnownFileType = sourcecode.swift; path = ItemDetailCell.swift; sourceTree = "<group>"; };
		546D886A2757AAB200ED00BC /* ItemDetailCell.xib */ = {isa = PBXFileReference; lastKnownFileType = file.xib; path = ItemDetailCell.xib; sourceTree = "<group>"; };
		546D88702757AC4400ED00BC /* ItemDetailDatas.swift */ = {isa = PBXFileReference; lastKnownFileType = sourcecode.swift; path = ItemDetailDatas.swift; sourceTree = "<group>"; };
		546D88722757ACB900ED00BC /* AlamofireProcess.swift */ = {isa = PBXFileReference; lastKnownFileType = sourcecode.swift; path = AlamofireProcess.swift; sourceTree = "<group>"; };
		95CC0BBC6E1E360C22C8182A /* Pods-APILessonNormalApp.release.xcconfig */ = {isa = PBXFileReference; includeInIndex = 1; lastKnownFileType = text.xcconfig; name = "Pods-APILessonNormalApp.release.xcconfig"; path = "Target Support Files/Pods-APILessonNormalApp/Pods-APILessonNormalApp.release.xcconfig"; sourceTree = "<group>"; };
/* End PBXFileReference section */

/* Begin PBXFrameworksBuildPhase section */
		546D884E2757A7D200ED00BC /* Frameworks */ = {
			isa = PBXFrameworksBuildPhase;
			buildActionMask = 2147483647;
			files = (
				CC7048F78DD17D8244C76EE0 /* Pods_APILessonNormalApp.framework in Frameworks */,
			);
			runOnlyForDeploymentPostprocessing = 0;
		};
/* End PBXFrameworksBuildPhase section */

/* Begin PBXGroup section */
		546D88482757A7D200ED00BC = {
			isa = PBXGroup;
			children = (
				546D88532757A7D200ED00BC /* APILessonNormalApp */,
				546D885F2757A7D400ED00BC /* LaunchScreen.storyboard */,
				546D88622757A7D400ED00BC /* Info.plist */,
				546D88522757A7D200ED00BC /* Products */,
				613E0BDF53656B28F9B21F98 /* Pods */,
				A7557DA7AF52244F70411C0A /* Frameworks */,
			);
			sourceTree = "<group>";
		};
		546D88522757A7D200ED00BC /* Products */ = {
			isa = PBXGroup;
			children = (
				546D88512757A7D200ED00BC /* APILessonNormalApp.app */,
			);
			name = Products;
			sourceTree = "<group>";
		};
		546D88532757A7D200ED00BC /* APILessonNormalApp */ = {
			isa = PBXGroup;
			children = (
				546D88542757A7D200ED00BC /* AppDelegate.swift */,
				546D88562757A7D200ED00BC /* SceneDelegate.swift */,
				546D886F2757AC2700ED00BC /* Model */,
				546D886D2757ABEC00ED00BC /* View */,
				546D88682757AA4200ED00BC /* Controller */,
			);
			path = APILessonNormalApp;
			sourceTree = "<group>";
		};
		546D88682757AA4200ED00BC /* Controller */ = {
			isa = PBXGroup;
			children = (
				546D88582757A7D200ED00BC /* ViewController.swift */,
			);
			path = Controller;
			sourceTree = "<group>";
		};
		546D886D2757ABEC00ED00BC /* View */ = {
			isa = PBXGroup;
			children = (
				546D885A2757A7D200ED00BC /* Main.storyboard */,
				546D885D2757A7D400ED00BC /* Assets.xcassets */,
				546D886E2757AC0C00ED00BC /* TableViewCellGroup */,
			);
			path = View;
			sourceTree = "<group>";
		};
		546D886E2757AC0C00ED00BC /* TableViewCellGroup */ = {
			isa = PBXGroup;
			children = (
				546D88692757AAB200ED00BC /* ItemDetailCell.swift */,
				546D886A2757AAB200ED00BC /* ItemDetailCell.xib */,
			);
			path = TableViewCellGroup;
			sourceTree = "<group>";
		};
		546D886F2757AC2700ED00BC /* Model */ = {
			isa = PBXGroup;
			children = (
				546D88702757AC4400ED00BC /* ItemDetailDatas.swift */,
				546D88722757ACB900ED00BC /* AlamofireProcess.swift */,
			);
			path = Model;
			sourceTree = "<group>";
		};
		613E0BDF53656B28F9B21F98 /* Pods */ = {
			isa = PBXGroup;
			children = (
				1789E4F340B6869FD5C92C10 /* Pods-APILessonNormalApp.debug.xcconfig */,
				95CC0BBC6E1E360C22C8182A /* Pods-APILessonNormalApp.release.xcconfig */,
			);
			path = Pods;
			sourceTree = "<group>";
		};
		A7557DA7AF52244F70411C0A /* Frameworks */ = {
			isa = PBXGroup;
			children = (
				3BB7134830DCA8ECE18042E6 /* Pods_APILessonNormalApp.framework */,
			);
			name = Frameworks;
			sourceTree = "<group>";
		};
/* End PBXGroup section */

/* Begin PBXNativeTarget section */
		546D88502757A7D200ED00BC /* APILessonNormalApp */ = {
			isa = PBXNativeTarget;
			buildConfigurationList = 546D88652757A7D400ED00BC /* Build configuration list for PBXNativeTarget "APILessonNormalApp" */;
			buildPhases = (
				53462D1659D57FE2BA1FAB32 /* [CP] Check Pods Manifest.lock */,
				546D884D2757A7D200ED00BC /* Sources */,
				546D884E2757A7D200ED00BC /* Frameworks */,
				546D884F2757A7D200ED00BC /* Resources */,
				E1D23128EDEE557E92F56A0C /* [CP] Embed Pods Frameworks */,
			);
			buildRules = (
			);
			dependencies = (
			);
			name = APILessonNormalApp;
			productName = APILessonNormalApp;
			productReference = 546D88512757A7D200ED00BC /* APILessonNormalApp.app */;
			productType = "com.apple.product-type.application";
		};
/* End PBXNativeTarget section */

/* Begin PBXProject section */
		546D88492757A7D200ED00BC /* Project object */ = {
			isa = PBXProject;
			attributes = {
				BuildIndependentTargetsInParallel = 1;
				LastSwiftUpdateCheck = 1310;
				LastUpgradeCheck = 1310;
				TargetAttributes = {
					546D88502757A7D200ED00BC = {
						CreatedOnToolsVersion = 13.1;
					};
				};
			};
			buildConfigurationList = 546D884C2757A7D200ED00BC /* Build configuration list for PBXProject "APILessonNormalApp" */;
			compatibilityVersion = "Xcode 13.0";
			developmentRegion = en;
			hasScannedForEncodings = 0;
			knownRegions = (
				en,
				Base,
			);
			mainGroup = 546D88482757A7D200ED00BC;
			productRefGroup = 546D88522757A7D200ED00BC /* Products */;
			projectDirPath = "";
			projectRoot = "";
			targets = (
				546D88502757A7D200ED00BC /* APILessonNormalApp */,
			);
		};
/* End PBXProject section */

/* Begin PBXResourcesBuildPhase section */
		546D884F2757A7D200ED00BC /* Resources */ = {
			isa = PBXResourcesBuildPhase;
			buildActionMask = 2147483647;
			files = (
				546D88612757A7D400ED00BC /* LaunchScreen.storyboard in Resources */,
				546D886C2757AAB200ED00BC /* ItemDetailCell.xib in Resources */,
				546D885E2757A7D400ED00BC /* Assets.xcassets in Resources */,
				546D885C2757A7D200ED00BC /* Main.storyboard in Resources */,
			);
			runOnlyForDeploymentPostprocessing = 0;
		};
/* End PBXResourcesBuildPhase section */

/* Begin PBXShellScriptBuildPhase section */
		53462D1659D57FE2BA1FAB32 /* [CP] Check Pods Manifest.lock */ = {
			isa = PBXShellScriptBuildPhase;
			buildActionMask = 2147483647;
			files = (
			);
			inputFileListPaths = (
			);
			inputPaths = (
				"${PODS_PODFILE_DIR_PATH}/Podfile.lock",
				"${PODS_ROOT}/Manifest.lock",
			);
			name = "[CP] Check Pods Manifest.lock";
			outputFileListPaths = (
			);
			outputPaths = (
				"$(DERIVED_FILE_DIR)/Pods-APILessonNormalApp-checkManifestLockResult.txt",
			);
			runOnlyForDeploymentPostprocessing = 0;
			shellPath = /bin/sh;
			shellScript = "diff \"${PODS_PODFILE_DIR_PATH}/Podfile.lock\" \"${PODS_ROOT}/Manifest.lock\" > /dev/null\nif [ $? != 0 ] ; then\n    # print error to STDERR\n    echo \"error: The sandbox is not in sync with the Podfile.lock. Run 'pod install' or update your CocoaPods installation.\" >&2\n    exit 1\nfi\n# This output is used by Xcode 'outputs' to avoid re-running this script phase.\necho \"SUCCESS\" > \"${SCRIPT_OUTPUT_FILE_0}\"\n";
			showEnvVarsInLog = 0;
		};
		E1D23128EDEE557E92F56A0C /* [CP] Embed Pods Frameworks */ = {
			isa = PBXShellScriptBuildPhase;
			buildActionMask = 2147483647;
			files = (
			);
			inputFileListPaths = (
				"${PODS_ROOT}/Target Support Files/Pods-APILessonNormalApp/Pods-APILessonNormalApp-frameworks-${CONFIGURATION}-input-files.xcfilelist",
			);
			name = "[CP] Embed Pods Frameworks";
			outputFileListPaths = (
				"${PODS_ROOT}/Target Support Files/Pods-APILessonNormalApp/Pods-APILessonNormalApp-frameworks-${CONFIGURATION}-output-files.xcfilelist",
			);
			runOnlyForDeploymentPostprocessing = 0;
			shellPath = /bin/sh;
			shellScript = "\"${PODS_ROOT}/Target Support Files/Pods-APILessonNormalApp/Pods-APILessonNormalApp-frameworks.sh\"\n";
			showEnvVarsInLog = 0;
		};
/* End PBXShellScriptBuildPhase section */

/* Begin PBXSourcesBuildPhase section */
		546D884D2757A7D200ED00BC /* Sources */ = {
			isa = PBXSourcesBuildPhase;
			buildActionMask = 2147483647;
			files = (
				546D88592757A7D200ED00BC /* ViewController.swift in Sources */,
				546D886B2757AAB200ED00BC /* ItemDetailCell.swift in Sources */,
				546D88712757AC4400ED00BC /* ItemDetailDatas.swift in Sources */,
				546D88552757A7D200ED00BC /* AppDelegate.swift in Sources */,
				546D88732757ACB900ED00BC /* AlamofireProcess.swift in Sources */,
				546D88572757A7D200ED00BC /* SceneDelegate.swift in Sources */,
			);
			runOnlyForDeploymentPostprocessing = 0;
		};
/* End PBXSourcesBuildPhase section */

/* Begin PBXVariantGroup section */
		546D885A2757A7D200ED00BC /* Main.storyboard */ = {
			isa = PBXVariantGroup;
			children = (
				546D885B2757A7D200ED00BC /* Base */,
			);
			name = Main.storyboard;
			sourceTree = "<group>";
		};
		546D885F2757A7D400ED00BC /* LaunchScreen.storyboard */ = {
			isa = PBXVariantGroup;
			children = (
				546D88602757A7D400ED00BC /* Base */,
			);
			name = LaunchScreen.storyboard;
			sourceTree = "<group>";
		};
/* End PBXVariantGroup section */

/* Begin XCBuildConfiguration section */
		546D88632757A7D400ED00BC /* Debug */ = {
			isa = XCBuildConfiguration;
			buildSettings = {
				ALWAYS_SEARCH_USER_PATHS = NO;
				CLANG_ANALYZER_NONNULL = YES;
				CLANG_ANALYZER_NUMBER_OBJECT_CONVERSION = YES_AGGRESSIVE;
				CLANG_CXX_LANGUAGE_STANDARD = "gnu++17";
				CLANG_CXX_LIBRARY = "libc++";
				CLANG_ENABLE_MODULES = YES;
				CLANG_ENABLE_OBJC_ARC = YES;
				CLANG_ENABLE_OBJC_WEAK = YES;
				CLANG_WARN_BLOCK_CAPTURE_AUTORELEASING = YES;
				CLANG_WARN_BOOL_CONVERSION = YES;
				CLANG_WARN_COMMA = YES;
				CLANG_WARN_CONSTANT_CONVERSION = YES;
				CLANG_WARN_DEPRECATED_OBJC_IMPLEMENTATIONS = YES;
				CLANG_WARN_DIRECT_OBJC_ISA_USAGE = YES_ERROR;
				CLANG_WARN_DOCUMENTATION_COMMENTS = YES;
				CLANG_WARN_EMPTY_BODY = YES;
				CLANG_WARN_ENUM_CONVERSION = YES;
				CLANG_WARN_INFINITE_RECURSION = YES;
				CLANG_WARN_INT_CONVERSION = YES;
				CLANG_WARN_NON_LITERAL_NULL_CONVERSION = YES;
				CLANG_WARN_OBJC_IMPLICIT_RETAIN_SELF = YES;
				CLANG_WARN_OBJC_LITERAL_CONVERSION = YES;
				CLANG_WARN_OBJC_ROOT_CLASS = YES_ERROR;
				CLANG_WARN_QUOTED_INCLUDE_IN_FRAMEWORK_HEADER = YES;
				CLANG_WARN_RANGE_LOOP_ANALYSIS = YES;
				CLANG_WARN_STRICT_PROTOTYPES = YES;
				CLANG_WARN_SUSPICIOUS_MOVE = YES;
				CLANG_WARN_UNGUARDED_AVAILABILITY = YES_AGGRESSIVE;
				CLANG_WARN_UNREACHABLE_CODE = YES;
				CLANG_WARN__DUPLICATE_METHOD_MATCH = YES;
				COPY_PHASE_STRIP = NO;
				DEBUG_INFORMATION_FORMAT = dwarf;
				ENABLE_STRICT_OBJC_MSGSEND = YES;
				ENABLE_TESTABILITY = YES;
				GCC_C_LANGUAGE_STANDARD = gnu11;
				GCC_DYNAMIC_NO_PIC = NO;
				GCC_NO_COMMON_BLOCKS = YES;
				GCC_OPTIMIZATION_LEVEL = 0;
				GCC_PREPROCESSOR_DEFINITIONS = (
					"DEBUG=1",
					"$(inherited)",
				);
				GCC_WARN_64_TO_32_BIT_CONVERSION = YES;
				GCC_WARN_ABOUT_RETURN_TYPE = YES_ERROR;
				GCC_WARN_UNDECLARED_SELECTOR = YES;
				GCC_WARN_UNINITIALIZED_AUTOS = YES_AGGRESSIVE;
				GCC_WARN_UNUSED_FUNCTION = YES;
				GCC_WARN_UNUSED_VARIABLE = YES;
				IPHONEOS_DEPLOYMENT_TARGET = 15.0;
				MTL_ENABLE_DEBUG_INFO = INCLUDE_SOURCE;
				MTL_FAST_MATH = YES;
				ONLY_ACTIVE_ARCH = YES;
				SDKROOT = iphoneos;
				SWIFT_ACTIVE_COMPILATION_CONDITIONS = DEBUG;
				SWIFT_OPTIMIZATION_LEVEL = "-Onone";
			};
			name = Debug;
		};
		546D88642757A7D400ED00BC /* Release */ = {
			isa = XCBuildConfiguration;
			buildSettings = {
				ALWAYS_SEARCH_USER_PATHS = NO;
				CLANG_ANALYZER_NONNULL = YES;
				CLANG_ANALYZER_NUMBER_OBJECT_CONVERSION = YES_AGGRESSIVE;
				CLANG_CXX_LANGUAGE_STANDARD = "gnu++17";
				CLANG_CXX_LIBRARY = "libc++";
				CLANG_ENABLE_MODULES = YES;
				CLANG_ENABLE_OBJC_ARC = YES;
				CLANG_ENABLE_OBJC_WEAK = YES;
				CLANG_WARN_BLOCK_CAPTURE_AUTORELEASING = YES;
				CLANG_WARN_BOOL_CONVERSION = YES;
				CLANG_WARN_COMMA = YES;
				CLANG_WARN_CONSTANT_CONVERSION = YES;
				CLANG_WARN_DEPRECATED_OBJC_IMPLEMENTATIONS = YES;
				CLANG_WARN_DIRECT_OBJC_ISA_USAGE = YES_ERROR;
				CLANG_WARN_DOCUMENTATION_COMMENTS = YES;
				CLANG_WARN_EMPTY_BODY = YES;
				CLANG_WARN_ENUM_CONVERSION = YES;
				CLANG_WARN_INFINITE_RECURSION = YES;
				CLANG_WARN_INT_CONVERSION = YES;
				CLANG_WARN_NON_LITERAL_NULL_CONVERSION = YES;
				CLANG_WARN_OBJC_IMPLICIT_RETAIN_SELF = YES;
				CLANG_WARN_OBJC_LITERAL_CONVERSION = YES;
				CLANG_WARN_OBJC_ROOT_CLASS = YES_ERROR;
				CLANG_WARN_QUOTED_INCLUDE_IN_FRAMEWORK_HEADER = YES;
				CLANG_WARN_RANGE_LOOP_ANALYSIS = YES;
				CLANG_WARN_STRICT_PROTOTYPES = YES;
				CLANG_WARN_SUSPICIOUS_MOVE = YES;
				CLANG_WARN_UNGUARDED_AVAILABILITY = YES_AGGRESSIVE;
				CLANG_WARN_UNREACHABLE_CODE = YES;
				CLANG_WARN__DUPLICATE_METHOD_MATCH = YES;
				COPY_PHASE_STRIP = NO;
				DEBUG_INFORMATION_FORMAT = "dwarf-with-dsym";
				ENABLE_NS_ASSERTIONS = NO;
				ENABLE_STRICT_OBJC_MSGSEND = YES;
				GCC_C_LANGUAGE_STANDARD = gnu11;
				GCC_NO_COMMON_BLOCKS = YES;
				GCC_WARN_64_TO_32_BIT_CONVERSION = YES;
				GCC_WARN_ABOUT_RETURN_TYPE = YES_ERROR;
				GCC_WARN_UNDECLARED_SELECTOR = YES;
				GCC_WARN_UNINITIALIZED_AUTOS = YES_AGGRESSIVE;
				GCC_WARN_UNUSED_FUNCTION = YES;
				GCC_WARN_UNUSED_VARIABLE = YES;
				IPHONEOS_DEPLOYMENT_TARGET = 15.0;
				MTL_ENABLE_DEBUG_INFO = NO;
				MTL_FAST_MATH = YES;
				SDKROOT = iphoneos;
				SWIFT_COMPILATION_MODE = wholemodule;
				SWIFT_OPTIMIZATION_LEVEL = "-O";
				VALIDATE_PRODUCT = YES;
			};
			name = Release;
		};
		546D88662757A7D400ED00BC /* Debug */ = {
			isa = XCBuildConfiguration;
			baseConfigurationReference = 1789E4F340B6869FD5C92C10 /* Pods-APILessonNormalApp.debug.xcconfig */;
			buildSettings = {
				ASSETCATALOG_COMPILER_APPICON_NAME = AppIcon;
				ASSETCATALOG_COMPILER_GLOBAL_ACCENT_COLOR_NAME = AccentColor;
				CODE_SIGN_STYLE = Automatic;
				CURRENT_PROJECT_VERSION = 1;
				GENERATE_INFOPLIST_FILE = YES;
				INFOPLIST_FILE = APILessonNormalApp/Info.plist;
				INFOPLIST_KEY_UIApplicationSupportsIndirectInputEvents = YES;
				INFOPLIST_KEY_UILaunchStoryboardName = LaunchScreen;
				INFOPLIST_KEY_UIMainStoryboardFile = Main;
				INFOPLIST_KEY_UISupportedInterfaceOrientations_iPad = "UIInterfaceOrientationPortrait UIInterfaceOrientationPortraitUpsideDown UIInterfaceOrientationLandscapeLeft UIInterfaceOrientationLandscapeRight";
				INFOPLIST_KEY_UISupportedInterfaceOrientations_iPhone = "UIInterfaceOrientationPortrait UIInterfaceOrientationLandscapeLeft UIInterfaceOrientationLandscapeRight";
				LD_RUNPATH_SEARCH_PATHS = (
					"$(inherited)",
					"@executable_path/Frameworks",
				);
				MARKETING_VERSION = 1.0;
				PRODUCT_BUNDLE_IDENTIFIER = com.APILessonNormal.APILessonNormalApp;
				PRODUCT_NAME = "$(TARGET_NAME)";
				SWIFT_EMIT_LOC_STRINGS = YES;
				SWIFT_VERSION = 5.0;
				TARGETED_DEVICE_FAMILY = "1,2";
			};
			name = Debug;
		};
		546D88672757A7D400ED00BC /* Release */ = {
			isa = XCBuildConfiguration;
			baseConfigurationReference = 95CC0BBC6E1E360C22C8182A /* Pods-APILessonNormalApp.release.xcconfig */;
			buildSettings = {
				ASSETCATALOG_COMPILER_APPICON_NAME = AppIcon;
				ASSETCATALOG_COMPILER_GLOBAL_ACCENT_COLOR_NAME = AccentColor;
				CODE_SIGN_STYLE = Automatic;
				CURRENT_PROJECT_VERSION = 1;
				GENERATE_INFOPLIST_FILE = YES;
				INFOPLIST_FILE = APILessonNormalApp/Info.plist;
				INFOPLIST_KEY_UIApplicationSupportsIndirectInputEvents = YES;
				INFOPLIST_KEY_UILaunchStoryboardName = LaunchScreen;
				INFOPLIST_KEY_UIMainStoryboardFile = Main;
				INFOPLIST_KEY_UISupportedInterfaceOrientations_iPad = "UIInterfaceOrientationPortrait UIInterfaceOrientationPortraitUpsideDown UIInterfaceOrientationLandscapeLeft UIInterfaceOrientationLandscapeRight";
				INFOPLIST_KEY_UISupportedInterfaceOrientations_iPhone = "UIInterfaceOrientationPortrait UIInterfaceOrientationLandscapeLeft UIInterfaceOrientationLandscapeRight";
				LD_RUNPATH_SEARCH_PATHS = (
					"$(inherited)",
					"@executable_path/Frameworks",
				);
				MARKETING_VERSION = 1.0;
				PRODUCT_BUNDLE_IDENTIFIER = com.APILessonNormal.APILessonNormalApp;
				PRODUCT_NAME = "$(TARGET_NAME)";
				SWIFT_EMIT_LOC_STRINGS = YES;
				SWIFT_VERSION = 5.0;
				TARGETED_DEVICE_FAMILY = "1,2";
			};
			name = Release;
		};
/* End XCBuildConfiguration section */

/* Begin XCConfigurationList section */
		546D884C2757A7D200ED00BC /* Build configuration list for PBXProject "APILessonNormalApp" */ = {
			isa = XCConfigurationList;
			buildConfigurations = (
				546D88632757A7D400ED00BC /* Debug */,
				546D88642757A7D400ED00BC /* Release */,
			);
			defaultConfigurationIsVisible = 0;
			defaultConfigurationName = Release;
		};
		546D88652757A7D400ED00BC /* Build configuration list for PBXNativeTarget "APILessonNormalApp" */ = {
			isa = XCConfigurationList;
			buildConfigurations = (
				546D88662757A7D400ED00BC /* Debug */,
				546D88672757A7D400ED00BC /* Release */,
			);
			defaultConfigurationIsVisible = 0;
			defaultConfigurationName = Release;
		};
/* End XCConfigurationList section */
	};
	rootObject = 546D88492757A7D200ED00BC /* Project object */;
}
